
Microsoft Visual Studio Solution File, Format Version 12.00
# Visual Studio Version 16
VisualStudioVersion = 16.0.29806.167
MinimumVisualStudioVersion = 10.0.40219.1
Project("{FAE04EC0-301F-11D3-BF4B-00C04F79EFBC}") = "Selection_Sort", "Selection_Sort\Selection_Sort.csproj", "{4362BB17-5E53-498F-8F83-DBABAE7553E1}"
EndProject
Project("{FAE04EC0-301F-11D3-BF4B-00C04F79EFBC}") = "Bubble_Sort", "Bubble_Sort\Bubble_Sort.csproj", "{F9CE380A-9B88-4A9A-B56C-C193FAA8D54D}"
EndProject
Project("{FAE04EC0-301F-11D3-BF4B-00C04F79EFBC}") = "01_Task_Interview", "01_Task_Interview\01_Task_Interview.csproj", "{E7B3F6B5-8B13-44AA-B620-576F40415D3C}"
EndProject
Project("{FAE04EC0-301F-11D3-BF4B-00C04F79EFBC}") = "02_Task_Interview", "02_Task_Interview\02_Task_Interview.csproj", "{D245B3B0-AD69-4C31-A9B6-1E90190E692E}"
EndProject
Project("{FAE04EC0-301F-11D3-BF4B-00C04F79EFBC}") = "03_Task_Interview", "03_Task_Interview\03_Task_Interview.csproj", "{BAC78764-9757-4D4E-B615-4A0F495EEB00}"
EndProject
Global
	GlobalSection(SolutionConfigurationPlatforms) = preSolution
		Debug|Any CPU = Debug|Any CPU
		Release|Any CPU = Release|Any CPU
	EndGlobalSection
	GlobalSection(ProjectConfigurationPlatforms) = postSolution
		{4362BB17-5E53-498F-8F83-DBABAE7553E1}.Debug|Any CPU.ActiveCfg = Debug|Any CPU
		{4362BB17-5E53-498F-8F83-DBABAE7553E1}.Debug|Any CPU.Build.0 = Debug|Any CPU
		{4362BB17-5E53-498F-8F83-DBABAE7553E1}.Release|Any CPU.ActiveCfg = Release|Any CPU
		{4362BB17-5E53-498F-8F83-DBABAE7553E1}.Release|Any CPU.Build.0 = Release|Any CPU
		{F9CE380A-9B88-4A9A-B56C-C193FAA8D54D}.Debug|Any CPU.ActiveCfg = Debug|Any CPU
		{F9CE380A-9B88-4A9A-B56C-C193FAA8D54D}.Debug|Any CPU.Build.0 = Debug|Any CPU
		{F9CE380A-9B88-4A9A-B56C-C193FAA8D54D}.Release|Any CPU.ActiveCfg = Release|Any CPU
		{F9CE380A-9B88-4A9A-B56C-C193FAA8D54D}.Release|Any CPU.Build.0 = Release|Any CPU
		{E7B3F6B5-8B13-44AA-B620-576F40415D3C}.Debug|Any CPU.ActiveCfg = Debug|Any CPU
		{E7B3F6B5-8B13-44AA-B620-576F40415D3C}.Debug|Any CPU.Build.0 = Debug|Any CPU
		{E7B3F6B5-8B13-44AA-B620-576F40415D3C}.Release|Any CPU.ActiveCfg = Release|Any CPU
		{E7B3F6B5-8B13-44AA-B620-576F40415D3C}.Release|Any CPU.Build.0 = Release|Any CPU
		{D245B3B0-AD69-4C31-A9B6-1E90190E692E}.Debug|Any CPU.ActiveCfg = Debug|Any CPU
		{D245B3B0-AD69-4C31-A9B6-1E90190E692E}.Debug|Any CPU.Build.0 = Debug|Any CPU
		{D245B3B0-AD69-4C31-A9B6-1E90190E692E}.Release|Any CPU.ActiveCfg = Release|Any CPU
		{D245B3B0-AD69-4C31-A9B6-1E90190E692E}.Release|Any CPU.Build.0 = Release|Any CPU
		{BAC78764-9757-4D4E-B615-4A0F495EEB00}.Debug|Any CPU.ActiveCfg = Debug|Any CPU
		{BAC78764-9757-4D4E-B615-4A0F495EEB00}.Debug|Any CPU.Build.0 = Debug|Any CPU
		{BAC78764-9757-4D4E-B615-4A0F495EEB00}.Release|Any CPU.ActiveCfg = Release|Any CPU
		{BAC78764-9757-4D4E-B615-4A0F495EEB00}.Release|Any CPU.Build.0 = Release|Any CPU
	EndGlobalSection
	GlobalSection(SolutionProperties) = preSolution
		HideSolutionNode = FALSE
	EndGlobalSection
	GlobalSection(ExtensibilityGlobals) = postSolution
		SolutionGuid = {C6A626DC-075E-487C-AEA8-873CBCA0E232}
	EndGlobalSection
EndGlobal
